
Microsoft Visual Studio Solution File, Format Version 12.00
# Visual Studio Version 16
VisualStudioVersion = 16.0.29215.179
MinimumVisualStudioVersion = 10.0.40219.1
Project("{FAE04EC0-301F-11D3-BF4B-00C04F79EFBC}") = "AzureFileWatch", "AzureFileWatch\AzureFileWatch.csproj", "{3881337F-2240-4075-822A-4FBDCC670C18}"
EndProject
Global
	GlobalSection(SolutionConfigurationPlatforms) = preSolution
		Debug|Any CPU = Debug|Any CPU
		Release|Any CPU = Release|Any CPU
	EndGlobalSection
	GlobalSection(ProjectConfigurationPlatforms) = postSolution
		{3881337F-2240-4075-822A-4FBDCC670C18}.Debug|Any CPU.ActiveCfg = Debug|Any CPU
		{3881337F-2240-4075-822A-4FBDCC670C18}.Debug|Any CPU.Build.0 = Debug|Any CPU
		{3881337F-2240-4075-822A-4FBDCC670C18}.Release|Any CPU.ActiveCfg = Release|Any CPU
		{3881337F-2240-4075-822A-4FBDCC670C18}.Release|Any CPU.Build.0 = Release|Any CPU
	EndGlobalSection
	GlobalSection(SolutionProperties) = preSolution
		HideSolutionNode = FALSE
	EndGlobalSection
	GlobalSection(ExtensibilityGlobals) = postSolution
		SolutionGuid = {44457C07-98BF-4B79-9231-33DFFEE8BC76}
	EndGlobalSection
EndGlobal
